{
  "name": "@mintpond/ref-stratum-firo",
  "version": "0.6.0",
  "lockfileVersion": 1,
  "requires": true,
  "dependencies": {
    "@mintpond/hasher-firopow": {
      "version": "0.1.1",
      "resolved": "https://npm.pkg.github.com/download/@mintpond/hasher-firopow/0.1.1/ad385899741cef84f59fd36f4be7471d8a0708efcd6f163a0000a3d715a3f268",
      "integrity": "sha512-lrlRiDlC/qVMZCrIIWjfndfWEKh6nBzdKJ+pXxUSmOAcMXy0C6qRAIumZxtBDQTn//3hp1aUvEowSJmp8MmHmg==",
      "requires": {
        "bindings": "^1.3.0",
        "nan": "^2.6.2"
      }
    },
    "@mintpond/mint-bitcoin-script": {
      "version": "1.0.1",
      "resolved": "https://npm.pkg.github.com/download/@mintpond/mint-bitcoin-script/1.0.1/3ecbe9d4a975bb22ff9af668381fede7eb27308d94aad10bfde758150d590b24",
      "integrity": "sha512-FsqK7P3QUMGRvsRUZ9X+1EYTVydWrm4miCuVBbzU1P4M1YJzrCVedouEgJn57YEENnem02Kpkfxcmqf/WXA08w==",
      "requires": {
        "@mintpond/mint-precon": "^1.0.0",
        "bs58": "^4.0.1"
      }
    },
    "@mintpond/mint-bos": {
      "version": "2.0.1",
      "resolved": "https://npm.pkg.github.com/download/@mintpond/mint-bos/2.0.1/1f1e591d2e6eb10db7622a33e7072f5fae1804333c6608741ad9add4c42e1365",
      "integrity": "sha512-sP4sB9Ov53BfztYaAYDoGDo590AK7mBkDsq+QAU3L/dUgG7Q9dNEWHj2dwhtgLqGGyDw03b4iYpqTOjincpXfw==",
      "requires": {
        "@mintpond/mint-precon": "^1.0.0"
      }
    },
    "@mintpond/mint-merkle": {
      "version": "1.0.0",
      "resolved": "https://npm.pkg.github.com/download/@mintpond/mint-merkle/1.0.0/cfe04a57ffd39db35e4cd92575d39502533a1bc6a43b4597f68d756c1774097f",
      "integrity": "sha512-kj30tNtzlbkvAo0QhKMLWm/IdackNaSrRD/j19zK1dCBEXhltOObqqXi0suqVrd2x2EzfcF9FH6kwpQegQe0BA==",
      "requires": {
        "@mintpond/mint-precon": "^1.0.0",
        "@mintpond/mint-utils": "^1.2.1"
      },
      "dependencies": {
        "@mintpond/mint-utils": {
          "version": "1.2.1",
          "resolved": "https://npm.pkg.github.com/download/@mintpond/mint-utils/1.2.1/581a34788e46d2f0128fe0faf6af1f99b7d93f6508e21eb4bf9c55f211db9d6e",
          "integrity": "sha512-6DNs0Cak9+6lQ5JrHDFWwnxeEXHFKwUUjUb9e8/BnItoNRAZgZk17bzkGsp+1z1apTz895TUkO/DX36noecSBw==",
          "requires": {
            "@mintpond/mint-precon": "^1.0.0",
            "async": "1.5.2",
            "cron": "~1.3.0"
          }
        }
      }
    },
    "@mintpond/mint-precon": {
      "version": "1.0.0",
      "resolved": "https://npm.pkg.github.com/download/@mintpond/mint-precon/1.0.0/36b8d1195b8fe25ac8843653d7f0ff5d543dc35a81d772108ee741197e4ae5ab",
      "integrity": "sha512-Ao5iO3L418nSmwxKxP+tkUlqg0zDlyrb44nEjF1A0vGugByhCn/b0QuVklFwbjExMVtcSQ/2tK6OOQc9Y5vMIQ==",
      "requires": {
        "bignumber.js": "^9.0.0"
      }
    },
    "@mintpond/mint-socket": {
      "version": "1.1.0",
      "resolved": "https://npm.pkg.github.com/download/@mintpond/mint-socket/1.1.0/d1f5c8a3c4751723250378d87d5a8fe0ed9a8356d3d2b812153e92afbc465f4e",
      "integrity": "sha512-HlBS8jWwol25U64xWmHa+Q3qZ+qSCX8+gQzonDRD0eH1Rq85YzdxHq6vEr2zy0thuoNSaMUeJvX8MzT/TSpIWA==",
      "requires": {
        "@mintpond/mint-bos": "^2.0.1",
        "@mintpond/mint-precon": "^1.0.0",
        "@mintpond/mint-utils": "^2.0.0"
      }
    },
    "@mintpond/mint-utils": {
      "version": "2.6.1",
      "resolved": "https://npm.pkg.github.com/download/@mintpond/mint-utils/2.6.1/6aad03c108469252efedf332aee5cbf399872ca3ba0b2556a2c7f6c2a3ca2761",
      "integrity": "sha512-nHcJ67b26Go5MUtUepP3bm3s/b5HWjtcuLCT2Tp3P/QYExSwXRayB32bWJ/ZQjznvb2D9op8/2eokqI+10E0yA==",
      "requires": {
        "@mintpond/mint-precon": "^1.0.0",
        "async": "1.5.2",
        "cron": "~1.3.0"
      }
    },
    "async": {
      "version": "1.5.2",
      "resolved": "https://registry.npmjs.org/async/-/async-1.5.2.tgz",
      "integrity": "sha1-7GphrlZIDAw8skHJVhjiCJL5Zyo="
    },
    "base-x": {
      "version": "3.0.8",
      "resolved": "https://registry.npmjs.org/base-x/-/base-x-3.0.8.tgz",
      "integrity": "sha512-Rl/1AWP4J/zRrk54hhlxH4drNxPJXYUaKffODVI53/dAsV4t9fBxyxYKAVPU1XBHxYwOWP9h9H0hM2MVw4YfJA==",
      "requires": {
        "safe-buffer": "^5.0.1"
      }
    },
    "base64-js": {
      "version": "1.5.1",
      "resolved": "https://registry.npmjs.org/base64-js/-/base64-js-1.5.1.tgz",
      "integrity": "sha512-AKpaYlHn8t4SVbOHCy+b5+KKgvR4vrsD8vbvrbiQJps7fKDTkjkDry6ji0rUJjC0kzbNePLwzxq8iypo41qeWA=="
    },
    "bignumber.js": {
      "version": "9.0.0",
      "resolved": "https://registry.npmjs.org/bignumber.js/-/bignumber.js-9.0.0.tgz",
      "integrity": "sha512-t/OYhhJ2SD+YGBQcjY8GzzDHEk9f3nerxjtfa6tlMXfe7frs/WozhvCNoGvpM0P3bNf3Gq5ZRMlGr5f3r4/N8A=="
    },
    "bindings": {
      "version": "1.5.0",
      "resolved": "https://registry.npmjs.org/bindings/-/bindings-1.5.0.tgz",
      "integrity": "sha512-p2q/t/mhvuOj/UeLlV6566GD/guowlr0hHxClI0W9m7MWYkL1F0hLo+0Aexs9HSPCtR1SXQ0TD3MMKrXZajbiQ==",
      "requires": {
        "file-uri-to-path": "1.0.0"
      }
    },
    "bs58": {
      "version": "4.0.1",
      "resolved": "https://registry.npmjs.org/bs58/-/bs58-4.0.1.tgz",
      "integrity": "sha1-vhYedsNU9veIrkBx9j806MTwpCo=",
      "requires": {
        "base-x": "^3.0.2"
      }
    },
    "buffer": {
      "version": "5.5.0",
      "resolved": "https://registry.npmjs.org/buffer/-/buffer-5.5.0.tgz",
      "integrity": "sha512-9FTEDjLjwoAkEwyMGDjYJQN2gfRgOKBKRfiglhvibGbpeeU/pQn1bJxQqm32OD/AIeEuHxU9roxXxg34Byp/Ww==",
      "requires": {
        "base64-js": "^1.0.2",
        "ieee754": "^1.1.4"
      }
    },
    "cron": {
      "version": "1.3.1",
      "resolved": "https://registry.npmjs.org/cron/-/cron-1.3.1.tgz",
      "integrity": "sha512-iZlSOfm2IQUUMMko4Nj0+B8Sk5S/wWwJF++X+L4TfAfd3Y0i8s5beqm4nhwFyorkOOnmy8czymLyh+MeYKLxzg==",
      "requires": {
        "moment-timezone": "^0.5.x"
      }
    },
    "file-uri-to-path": {
      "version": "1.0.0",
      "resolved": "https://registry.npmjs.org/file-uri-to-path/-/file-uri-to-path-1.0.0.tgz",
      "integrity": "sha512-0Zt+s3L7Vf1biwWZ29aARiVYLx7iMGnEUl9x33fbB/j3jR81u/O2LbqK+Bm1CDSNDKVtJ/YjwY7TUd5SkeLQLw=="
    },
    "ieee754": {
      "version": "1.2.1",
      "resolved": "https://registry.npmjs.org/ieee754/-/ieee754-1.2.1.tgz",
      "integrity": "sha512-dcyqhDvX1C46lXZcVqCpK+FtMRQVdIMN6/Df5js2zouUsqG7I6sFxitIC+7KYK29KdXOLHdu9zL4sFnoVQnqaA=="
    },
    "moment": {
      "version": "2.25.3",
      "resolved": "https://registry.npmjs.org/moment/-/moment-2.25.3.tgz",
      "integrity": "sha512-PuYv0PHxZvzc15Sp8ybUCoQ+xpyPWvjOuK72a5ovzp2LI32rJXOiIfyoFoYvG3s6EwwrdkMyWuRiEHSZRLJNdg=="
    },
    "moment-timezone": {
      "version": "0.5.37",
      "resolved": "https://registry.npmjs.org/moment-timezone/-/moment-timezone-0.5.37.tgz",
      "integrity": "sha512-uEDzDNFhfaywRl+vwXxffjjq1q0Vzr+fcQpQ1bU0kbzorfS7zVtZnCnGc8mhWmF39d4g4YriF6kwA75mJKE/Zg==",
      "requires": {
        "moment": ">= 2.9.0"
      }
    },
    "nan": {
      "version": "2.15.0",
      "resolved": "https://registry.npmjs.org/nan/-/nan-2.15.0.tgz",
      "integrity": "sha512-8ZtvEnA2c5aYCZYd1cvgdnU6cqwixRoYg70xPLWUws5ORTa/lnw+u4amixRS/Ac5U5mQVgp9pnlSUnbNWFaWZQ=="
    },
    "safe-buffer": {
      "version": "5.2.1",
      "resolved": "https://registry.npmjs.org/safe-buffer/-/safe-buffer-5.2.1.tgz",
      "integrity": "sha512-rp3So07KcdmmKbGvgaNxQSJr7bGVSVk5S9Eq1F+ppbRo70+YeaDxkw5Dd8NPN+GD6bjnYm2VuPuCXmpuYvmCXQ=="
    },
    "sha3": {
      "version": "2.1.2",
      "resolved": "https://registry.npmjs.org/sha3/-/sha3-2.1.2.tgz",
      "integrity": "sha512-agYUtkzMsdFTQkM3ECyt6YW0552fyEb0tYZkl7olurS1Vg2Ms5+2SdF4VFPC1jnwtiXMb8b0fSyuAGZh+q2mAw==",
      "requires": {
        "buffer": "5.5.0"
      }
    }
  }
}
